
Microsoft Visual Studio Solution File, Format Version 12.00
# Visual Studio 15
VisualStudioVersion = 15.0.28010.2026
MinimumVisualStudioVersion = 10.0.40219.1
Project("{FAE04EC0-301F-11D3-BF4B-00C04F79EFBC}") = "for_ex5", "for_ex5\for_ex5.csproj", "{0B503780-C9F7-402B-BF08-36B78D4312D3}"
EndProject
Global
	GlobalSection(SolutionConfigurationPlatforms) = preSolution
		Debug|Any CPU = Debug|Any CPU
		Release|Any CPU = Release|Any CPU
	EndGlobalSection
	GlobalSection(ProjectConfigurationPlatforms) = postSolution
		{0B503780-C9F7-402B-BF08-36B78D4312D3}.Debug|Any CPU.ActiveCfg = Debug|Any CPU
		{0B503780-C9F7-402B-BF08-36B78D4312D3}.Debug|Any CPU.Build.0 = Debug|Any CPU
		{0B503780-C9F7-402B-BF08-36B78D4312D3}.Release|Any CPU.ActiveCfg = Release|Any CPU
		{0B503780-C9F7-402B-BF08-36B78D4312D3}.Release|Any CPU.Build.0 = Release|Any CPU
	EndGlobalSection
	GlobalSection(SolutionProperties) = preSolution
		HideSolutionNode = FALSE
	EndGlobalSection
	GlobalSection(ExtensibilityGlobals) = postSolution
		SolutionGuid = {D23BA244-070B-425C-815E-03347B8FC6FB}
	EndGlobalSection
EndGlobal
