
Microsoft Visual Studio Solution File, Format Version 12.00
# Visual Studio 15
VisualStudioVersion = 15.0.28010.2026
MinimumVisualStudioVersion = 10.0.40219.1
Project("{FAE04EC0-301F-11D3-BF4B-00C04F79EFBC}") = "ex_12(using for)", "ex_12(using for)\ex_12(using for).csproj", "{0500E616-C9CC-46FB-8F55-243CD0B3390C}"
EndProject
Global
	GlobalSection(SolutionConfigurationPlatforms) = preSolution
		Debug|Any CPU = Debug|Any CPU
		Release|Any CPU = Release|Any CPU
	EndGlobalSection
	GlobalSection(ProjectConfigurationPlatforms) = postSolution
		{0500E616-C9CC-46FB-8F55-243CD0B3390C}.Debug|Any CPU.ActiveCfg = Debug|Any CPU
		{0500E616-C9CC-46FB-8F55-243CD0B3390C}.Debug|Any CPU.Build.0 = Debug|Any CPU
		{0500E616-C9CC-46FB-8F55-243CD0B3390C}.Release|Any CPU.ActiveCfg = Release|Any CPU
		{0500E616-C9CC-46FB-8F55-243CD0B3390C}.Release|Any CPU.Build.0 = Release|Any CPU
	EndGlobalSection
	GlobalSection(SolutionProperties) = preSolution
		HideSolutionNode = FALSE
	EndGlobalSection
	GlobalSection(ExtensibilityGlobals) = postSolution
		SolutionGuid = {99437E28-2199-4EEA-BD70-FCFC33A1ED76}
	EndGlobalSection
EndGlobal
