
Microsoft Visual Studio Solution File, Format Version 12.00
# Visual Studio 15
VisualStudioVersion = 15.0.28010.2026
MinimumVisualStudioVersion = 10.0.40219.1
Project("{FAE04EC0-301F-11D3-BF4B-00C04F79EFBC}") = "ex_16", "ex_16\ex_16.csproj", "{518F1DC4-41E6-4613-8CB4-9F7B4C1B65C8}"
EndProject
Global
	GlobalSection(SolutionConfigurationPlatforms) = preSolution
		Debug|Any CPU = Debug|Any CPU
		Release|Any CPU = Release|Any CPU
	EndGlobalSection
	GlobalSection(ProjectConfigurationPlatforms) = postSolution
		{518F1DC4-41E6-4613-8CB4-9F7B4C1B65C8}.Debug|Any CPU.ActiveCfg = Debug|Any CPU
		{518F1DC4-41E6-4613-8CB4-9F7B4C1B65C8}.Debug|Any CPU.Build.0 = Debug|Any CPU
		{518F1DC4-41E6-4613-8CB4-9F7B4C1B65C8}.Release|Any CPU.ActiveCfg = Release|Any CPU
		{518F1DC4-41E6-4613-8CB4-9F7B4C1B65C8}.Release|Any CPU.Build.0 = Release|Any CPU
	EndGlobalSection
	GlobalSection(SolutionProperties) = preSolution
		HideSolutionNode = FALSE
	EndGlobalSection
	GlobalSection(ExtensibilityGlobals) = postSolution
		SolutionGuid = {4422498E-718D-42BB-8495-048B2A324249}
	EndGlobalSection
EndGlobal
