
Microsoft Visual Studio Solution File, Format Version 12.00
# Visual Studio 15
VisualStudioVersion = 15.0.28010.2026
MinimumVisualStudioVersion = 10.0.40219.1
Project("{FAE04EC0-301F-11D3-BF4B-00C04F79EFBC}") = "ex_18", "ex_18\ex_18.csproj", "{53E324CB-B4D1-4232-B03C-0E38581B815B}"
EndProject
Global
	GlobalSection(SolutionConfigurationPlatforms) = preSolution
		Debug|Any CPU = Debug|Any CPU
		Release|Any CPU = Release|Any CPU
	EndGlobalSection
	GlobalSection(ProjectConfigurationPlatforms) = postSolution
		{53E324CB-B4D1-4232-B03C-0E38581B815B}.Debug|Any CPU.ActiveCfg = Debug|Any CPU
		{53E324CB-B4D1-4232-B03C-0E38581B815B}.Debug|Any CPU.Build.0 = Debug|Any CPU
		{53E324CB-B4D1-4232-B03C-0E38581B815B}.Release|Any CPU.ActiveCfg = Release|Any CPU
		{53E324CB-B4D1-4232-B03C-0E38581B815B}.Release|Any CPU.Build.0 = Release|Any CPU
	EndGlobalSection
	GlobalSection(SolutionProperties) = preSolution
		HideSolutionNode = FALSE
	EndGlobalSection
	GlobalSection(ExtensibilityGlobals) = postSolution
		SolutionGuid = {4F0E87FE-F024-46CE-855B-D632DA8F441C}
	EndGlobalSection
EndGlobal
