
Microsoft Visual Studio Solution File, Format Version 12.00
# Visual Studio 15
VisualStudioVersion = 15.0.28010.2026
MinimumVisualStudioVersion = 10.0.40219.1
Project("{FAE04EC0-301F-11D3-BF4B-00C04F79EFBC}") = "ex_25-26", "ex_25-26\ex_25-26.csproj", "{497A9A27-E92B-4A0E-A282-714BE7F8EA7D}"
EndProject
Global
	GlobalSection(SolutionConfigurationPlatforms) = preSolution
		Debug|Any CPU = Debug|Any CPU
		Release|Any CPU = Release|Any CPU
	EndGlobalSection
	GlobalSection(ProjectConfigurationPlatforms) = postSolution
		{497A9A27-E92B-4A0E-A282-714BE7F8EA7D}.Debug|Any CPU.ActiveCfg = Debug|Any CPU
		{497A9A27-E92B-4A0E-A282-714BE7F8EA7D}.Debug|Any CPU.Build.0 = Debug|Any CPU
		{497A9A27-E92B-4A0E-A282-714BE7F8EA7D}.Release|Any CPU.ActiveCfg = Release|Any CPU
		{497A9A27-E92B-4A0E-A282-714BE7F8EA7D}.Release|Any CPU.Build.0 = Release|Any CPU
	EndGlobalSection
	GlobalSection(SolutionProperties) = preSolution
		HideSolutionNode = FALSE
	EndGlobalSection
	GlobalSection(ExtensibilityGlobals) = postSolution
		SolutionGuid = {1C31508A-C6C2-4B46-8F1F-D9514615CC00}
	EndGlobalSection
EndGlobal
