
Microsoft Visual Studio Solution File, Format Version 12.00
# Visual Studio 15
VisualStudioVersion = 15.0.28010.2026
MinimumVisualStudioVersion = 10.0.40219.1
Project("{FAE04EC0-301F-11D3-BF4B-00C04F79EFBC}") = "Advance.Regex.FindFloatNum.InBrackets", "Advance.Regex.FindFloatNum.InBrackets\Advance.Regex.FindFloatNum.InBrackets.csproj", "{0EC75D7E-95FD-46AA-973B-90A7A3FE0943}"
EndProject
Global
	GlobalSection(SolutionConfigurationPlatforms) = preSolution
		Debug|Any CPU = Debug|Any CPU
		Release|Any CPU = Release|Any CPU
	EndGlobalSection
	GlobalSection(ProjectConfigurationPlatforms) = postSolution
		{0EC75D7E-95FD-46AA-973B-90A7A3FE0943}.Debug|Any CPU.ActiveCfg = Debug|Any CPU
		{0EC75D7E-95FD-46AA-973B-90A7A3FE0943}.Debug|Any CPU.Build.0 = Debug|Any CPU
		{0EC75D7E-95FD-46AA-973B-90A7A3FE0943}.Release|Any CPU.ActiveCfg = Release|Any CPU
		{0EC75D7E-95FD-46AA-973B-90A7A3FE0943}.Release|Any CPU.Build.0 = Release|Any CPU
	EndGlobalSection
	GlobalSection(SolutionProperties) = preSolution
		HideSolutionNode = FALSE
	EndGlobalSection
	GlobalSection(ExtensibilityGlobals) = postSolution
		SolutionGuid = {65264CFE-C56F-4833-8249-87FCA7052756}
	EndGlobalSection
EndGlobal
