
Microsoft Visual Studio Solution File, Format Version 12.00
# Visual Studio 15
VisualStudioVersion = 15.0.28010.2026
MinimumVisualStudioVersion = 10.0.40219.1
Project("{FAE04EC0-301F-11D3-BF4B-00C04F79EFBC}") = "AllDivisors", "AllDivisors\AllDivisors.csproj", "{7D2D90C4-2CF8-4DB3-A1AB-6876A5B3BA8D}"
EndProject
Global
	GlobalSection(SolutionConfigurationPlatforms) = preSolution
		Debug|Any CPU = Debug|Any CPU
		Release|Any CPU = Release|Any CPU
	EndGlobalSection
	GlobalSection(ProjectConfigurationPlatforms) = postSolution
		{7D2D90C4-2CF8-4DB3-A1AB-6876A5B3BA8D}.Debug|Any CPU.ActiveCfg = Debug|Any CPU
		{7D2D90C4-2CF8-4DB3-A1AB-6876A5B3BA8D}.Debug|Any CPU.Build.0 = Debug|Any CPU
		{7D2D90C4-2CF8-4DB3-A1AB-6876A5B3BA8D}.Release|Any CPU.ActiveCfg = Release|Any CPU
		{7D2D90C4-2CF8-4DB3-A1AB-6876A5B3BA8D}.Release|Any CPU.Build.0 = Release|Any CPU
	EndGlobalSection
	GlobalSection(SolutionProperties) = preSolution
		HideSolutionNode = FALSE
	EndGlobalSection
	GlobalSection(ExtensibilityGlobals) = postSolution
		SolutionGuid = {BF291E47-4F5E-441B-9855-991DB7BCA31C}
	EndGlobalSection
EndGlobal
