
Microsoft Visual Studio Solution File, Format Version 12.00
# Visual Studio 15
VisualStudioVersion = 15.0.28010.2026
MinimumVisualStudioVersion = 10.0.40219.1
Project("{FAE04EC0-301F-11D3-BF4B-00C04F79EFBC}") = "OOPTest", "OOPTest\OOPTest.csproj", "{7299F8C1-5B10-4AC2-ACD5-DEB2473A236C}"
EndProject
Global
	GlobalSection(SolutionConfigurationPlatforms) = preSolution
		Debug|Any CPU = Debug|Any CPU
		Release|Any CPU = Release|Any CPU
	EndGlobalSection
	GlobalSection(ProjectConfigurationPlatforms) = postSolution
		{7299F8C1-5B10-4AC2-ACD5-DEB2473A236C}.Debug|Any CPU.ActiveCfg = Debug|Any CPU
		{7299F8C1-5B10-4AC2-ACD5-DEB2473A236C}.Debug|Any CPU.Build.0 = Debug|Any CPU
		{7299F8C1-5B10-4AC2-ACD5-DEB2473A236C}.Release|Any CPU.ActiveCfg = Release|Any CPU
		{7299F8C1-5B10-4AC2-ACD5-DEB2473A236C}.Release|Any CPU.Build.0 = Release|Any CPU
	EndGlobalSection
	GlobalSection(SolutionProperties) = preSolution
		HideSolutionNode = FALSE
	EndGlobalSection
	GlobalSection(ExtensibilityGlobals) = postSolution
		SolutionGuid = {B66D6F80-C204-48F1-917E-77C6A7F3BEAA}
	EndGlobalSection
EndGlobal
