
Microsoft Visual Studio Solution File, Format Version 12.00
# Visual Studio 15
VisualStudioVersion = 15.0.28010.2026
MinimumVisualStudioVersion = 10.0.40219.1
Project("{FAE04EC0-301F-11D3-BF4B-00C04F79EFBC}") = "ex_17_20", "ex_17_20\ex_17_20.csproj", "{14EB1082-4474-4D3D-92D0-81BE18E02626}"
EndProject
Global
	GlobalSection(SolutionConfigurationPlatforms) = preSolution
		Debug|Any CPU = Debug|Any CPU
		Release|Any CPU = Release|Any CPU
	EndGlobalSection
	GlobalSection(ProjectConfigurationPlatforms) = postSolution
		{14EB1082-4474-4D3D-92D0-81BE18E02626}.Debug|Any CPU.ActiveCfg = Debug|Any CPU
		{14EB1082-4474-4D3D-92D0-81BE18E02626}.Debug|Any CPU.Build.0 = Debug|Any CPU
		{14EB1082-4474-4D3D-92D0-81BE18E02626}.Release|Any CPU.ActiveCfg = Release|Any CPU
		{14EB1082-4474-4D3D-92D0-81BE18E02626}.Release|Any CPU.Build.0 = Release|Any CPU
	EndGlobalSection
	GlobalSection(SolutionProperties) = preSolution
		HideSolutionNode = FALSE
	EndGlobalSection
	GlobalSection(ExtensibilityGlobals) = postSolution
		SolutionGuid = {5501281C-41AA-4F36-BE76-7A3F11DC90C1}
	EndGlobalSection
EndGlobal
