
Microsoft Visual Studio Solution File, Format Version 12.00
# Visual Studio 15
VisualStudioVersion = 15.0.28010.2026
MinimumVisualStudioVersion = 10.0.40219.1
Project("{FAE04EC0-301F-11D3-BF4B-00C04F79EFBC}") = "Animal_hierarchy_HomeWork_2", "Animal_hierarchy_HomeWork_2\Animal_hierarchy_HomeWork_2.csproj", "{14FD2B0B-6572-482E-8C63-29F9D800D44D}"
EndProject
Global
	GlobalSection(SolutionConfigurationPlatforms) = preSolution
		Debug|Any CPU = Debug|Any CPU
		Release|Any CPU = Release|Any CPU
	EndGlobalSection
	GlobalSection(ProjectConfigurationPlatforms) = postSolution
		{14FD2B0B-6572-482E-8C63-29F9D800D44D}.Debug|Any CPU.ActiveCfg = Debug|Any CPU
		{14FD2B0B-6572-482E-8C63-29F9D800D44D}.Debug|Any CPU.Build.0 = Debug|Any CPU
		{14FD2B0B-6572-482E-8C63-29F9D800D44D}.Release|Any CPU.ActiveCfg = Release|Any CPU
		{14FD2B0B-6572-482E-8C63-29F9D800D44D}.Release|Any CPU.Build.0 = Release|Any CPU
	EndGlobalSection
	GlobalSection(SolutionProperties) = preSolution
		HideSolutionNode = FALSE
	EndGlobalSection
	GlobalSection(ExtensibilityGlobals) = postSolution
		SolutionGuid = {FB452068-7672-41CA-9A80-65E02A313A55}
	EndGlobalSection
EndGlobal
