
Microsoft Visual Studio Solution File, Format Version 12.00
# Visual Studio 15
VisualStudioVersion = 15.0.28010.2026
MinimumVisualStudioVersion = 10.0.40219.1
Project("{FAE04EC0-301F-11D3-BF4B-00C04F79EFBC}") = "ReturnWeekDaysApp", "ReturnWeekDaysApp\ReturnWeekDaysApp.csproj", "{4F831C1A-11DC-4157-B9FB-387F71DDEEFF}"
EndProject
Global
	GlobalSection(SolutionConfigurationPlatforms) = preSolution
		Debug|Any CPU = Debug|Any CPU
		Release|Any CPU = Release|Any CPU
	EndGlobalSection
	GlobalSection(ProjectConfigurationPlatforms) = postSolution
		{4F831C1A-11DC-4157-B9FB-387F71DDEEFF}.Debug|Any CPU.ActiveCfg = Debug|Any CPU
		{4F831C1A-11DC-4157-B9FB-387F71DDEEFF}.Debug|Any CPU.Build.0 = Debug|Any CPU
		{4F831C1A-11DC-4157-B9FB-387F71DDEEFF}.Release|Any CPU.ActiveCfg = Release|Any CPU
		{4F831C1A-11DC-4157-B9FB-387F71DDEEFF}.Release|Any CPU.Build.0 = Release|Any CPU
	EndGlobalSection
	GlobalSection(SolutionProperties) = preSolution
		HideSolutionNode = FALSE
	EndGlobalSection
	GlobalSection(ExtensibilityGlobals) = postSolution
		SolutionGuid = {8ABE3DD4-1F82-40A5-8CD5-FF933D872EA9}
	EndGlobalSection
EndGlobal
