
Microsoft Visual Studio Solution File, Format Version 12.00
# Visual Studio 15
VisualStudioVersion = 15.0.28010.2026
MinimumVisualStudioVersion = 10.0.40219.1
Project("{FAE04EC0-301F-11D3-BF4B-00C04F79EFBC}") = "Binnary_to_Integer_and_vice versa", "Binnary_to_Integer_and_vice versa\Binnary_to_Integer_and_vice versa.csproj", "{AA71F426-E0CA-4A90-BCEA-CC6EEA0F8357}"
EndProject
Global
	GlobalSection(SolutionConfigurationPlatforms) = preSolution
		Debug|Any CPU = Debug|Any CPU
		Release|Any CPU = Release|Any CPU
	EndGlobalSection
	GlobalSection(ProjectConfigurationPlatforms) = postSolution
		{AA71F426-E0CA-4A90-BCEA-CC6EEA0F8357}.Debug|Any CPU.ActiveCfg = Debug|Any CPU
		{AA71F426-E0CA-4A90-BCEA-CC6EEA0F8357}.Debug|Any CPU.Build.0 = Debug|Any CPU
		{AA71F426-E0CA-4A90-BCEA-CC6EEA0F8357}.Release|Any CPU.ActiveCfg = Release|Any CPU
		{AA71F426-E0CA-4A90-BCEA-CC6EEA0F8357}.Release|Any CPU.Build.0 = Release|Any CPU
	EndGlobalSection
	GlobalSection(SolutionProperties) = preSolution
		HideSolutionNode = FALSE
	EndGlobalSection
	GlobalSection(ExtensibilityGlobals) = postSolution
		SolutionGuid = {4E68D719-AB9E-4097-B252-F2ADA545691E}
	EndGlobalSection
EndGlobal
