
Microsoft Visual Studio Solution File, Format Version 12.00
# Visual Studio 15
VisualStudioVersion = 15.0.28010.2026
MinimumVisualStudioVersion = 10.0.40219.1
Project("{FAE04EC0-301F-11D3-BF4B-00C04F79EFBC}") = "ex_30", "ex_30\ex_30.csproj", "{7971A797-0DA7-4065-A113-BFB46EC91BEC}"
EndProject
Global
	GlobalSection(SolutionConfigurationPlatforms) = preSolution
		Debug|Any CPU = Debug|Any CPU
		Release|Any CPU = Release|Any CPU
	EndGlobalSection
	GlobalSection(ProjectConfigurationPlatforms) = postSolution
		{7971A797-0DA7-4065-A113-BFB46EC91BEC}.Debug|Any CPU.ActiveCfg = Debug|Any CPU
		{7971A797-0DA7-4065-A113-BFB46EC91BEC}.Debug|Any CPU.Build.0 = Debug|Any CPU
		{7971A797-0DA7-4065-A113-BFB46EC91BEC}.Release|Any CPU.ActiveCfg = Release|Any CPU
		{7971A797-0DA7-4065-A113-BFB46EC91BEC}.Release|Any CPU.Build.0 = Release|Any CPU
	EndGlobalSection
	GlobalSection(SolutionProperties) = preSolution
		HideSolutionNode = FALSE
	EndGlobalSection
	GlobalSection(ExtensibilityGlobals) = postSolution
		SolutionGuid = {B5D7B5F0-7DA6-4FFD-AD78-8867E87A49AC}
	EndGlobalSection
EndGlobal
