
Microsoft Visual Studio Solution File, Format Version 12.00
# Visual Studio 15
VisualStudioVersion = 15.0.28010.2026
MinimumVisualStudioVersion = 10.0.40219.1
Project("{FAE04EC0-301F-11D3-BF4B-00C04F79EFBC}") = "FirstProject", "FirstProject\FirstProject.csproj", "{000525BC-4230-4CCC-A194-A3D2FA85059D}"
EndProject
Global
	GlobalSection(SolutionConfigurationPlatforms) = preSolution
		Debug|Any CPU = Debug|Any CPU
		Release|Any CPU = Release|Any CPU
	EndGlobalSection
	GlobalSection(ProjectConfigurationPlatforms) = postSolution
		{000525BC-4230-4CCC-A194-A3D2FA85059D}.Debug|Any CPU.ActiveCfg = Debug|Any CPU
		{000525BC-4230-4CCC-A194-A3D2FA85059D}.Debug|Any CPU.Build.0 = Debug|Any CPU
		{000525BC-4230-4CCC-A194-A3D2FA85059D}.Release|Any CPU.ActiveCfg = Release|Any CPU
		{000525BC-4230-4CCC-A194-A3D2FA85059D}.Release|Any CPU.Build.0 = Release|Any CPU
	EndGlobalSection
	GlobalSection(SolutionProperties) = preSolution
		HideSolutionNode = FALSE
	EndGlobalSection
	GlobalSection(ExtensibilityGlobals) = postSolution
		SolutionGuid = {6B4A2BB6-6D51-4E17-AE17-3F380A7402C2}
	EndGlobalSection
EndGlobal
