
Microsoft Visual Studio Solution File, Format Version 12.00
# Visual Studio 15
VisualStudioVersion = 15.0.28010.2026
MinimumVisualStudioVersion = 10.0.40219.1
Project("{FAE04EC0-301F-11D3-BF4B-00C04F79EFBC}") = "ex_2(While)", "ex_2(While)\ex_2(While).csproj", "{3F253B00-DD6C-40B1-831C-858F3DC6B765}"
EndProject
Global
	GlobalSection(SolutionConfigurationPlatforms) = preSolution
		Debug|Any CPU = Debug|Any CPU
		Release|Any CPU = Release|Any CPU
	EndGlobalSection
	GlobalSection(ProjectConfigurationPlatforms) = postSolution
		{3F253B00-DD6C-40B1-831C-858F3DC6B765}.Debug|Any CPU.ActiveCfg = Debug|Any CPU
		{3F253B00-DD6C-40B1-831C-858F3DC6B765}.Debug|Any CPU.Build.0 = Debug|Any CPU
		{3F253B00-DD6C-40B1-831C-858F3DC6B765}.Release|Any CPU.ActiveCfg = Release|Any CPU
		{3F253B00-DD6C-40B1-831C-858F3DC6B765}.Release|Any CPU.Build.0 = Release|Any CPU
	EndGlobalSection
	GlobalSection(SolutionProperties) = preSolution
		HideSolutionNode = FALSE
	EndGlobalSection
	GlobalSection(ExtensibilityGlobals) = postSolution
		SolutionGuid = {9BF48820-6AB9-4B77-B065-7D99377480D0}
	EndGlobalSection
EndGlobal
