
Microsoft Visual Studio Solution File, Format Version 12.00
# Visual Studio 15
VisualStudioVersion = 15.0.28010.2026
MinimumVisualStudioVersion = 10.0.40219.1
Project("{FAE04EC0-301F-11D3-BF4B-00C04F79EFBC}") = "Factorial_!", "Factorial_!\Factorial_!.csproj", "{AB78377A-7666-4B24-8E3E-2408C48F5605}"
EndProject
Global
	GlobalSection(SolutionConfigurationPlatforms) = preSolution
		Debug|Any CPU = Debug|Any CPU
		Release|Any CPU = Release|Any CPU
	EndGlobalSection
	GlobalSection(ProjectConfigurationPlatforms) = postSolution
		{AB78377A-7666-4B24-8E3E-2408C48F5605}.Debug|Any CPU.ActiveCfg = Debug|Any CPU
		{AB78377A-7666-4B24-8E3E-2408C48F5605}.Debug|Any CPU.Build.0 = Debug|Any CPU
		{AB78377A-7666-4B24-8E3E-2408C48F5605}.Release|Any CPU.ActiveCfg = Release|Any CPU
		{AB78377A-7666-4B24-8E3E-2408C48F5605}.Release|Any CPU.Build.0 = Release|Any CPU
	EndGlobalSection
	GlobalSection(SolutionProperties) = preSolution
		HideSolutionNode = FALSE
	EndGlobalSection
	GlobalSection(ExtensibilityGlobals) = postSolution
		SolutionGuid = {B5EBC77F-332D-4E84-9E2D-0CE92DF22000}
	EndGlobalSection
EndGlobal
