
Microsoft Visual Studio Solution File, Format Version 12.00
# Visual Studio 15
VisualStudioVersion = 15.0.28010.2026
MinimumVisualStudioVersion = 10.0.40219.1
Project("{FAE04EC0-301F-11D3-BF4B-00C04F79EFBC}") = "ex_7-8(While)", "ex_7-8(While)\ex_7-8(While).csproj", "{EE21F65E-214F-4235-81C3-9790CC167EDE}"
EndProject
Global
	GlobalSection(SolutionConfigurationPlatforms) = preSolution
		Debug|Any CPU = Debug|Any CPU
		Release|Any CPU = Release|Any CPU
	EndGlobalSection
	GlobalSection(ProjectConfigurationPlatforms) = postSolution
		{EE21F65E-214F-4235-81C3-9790CC167EDE}.Debug|Any CPU.ActiveCfg = Debug|Any CPU
		{EE21F65E-214F-4235-81C3-9790CC167EDE}.Debug|Any CPU.Build.0 = Debug|Any CPU
		{EE21F65E-214F-4235-81C3-9790CC167EDE}.Release|Any CPU.ActiveCfg = Release|Any CPU
		{EE21F65E-214F-4235-81C3-9790CC167EDE}.Release|Any CPU.Build.0 = Release|Any CPU
	EndGlobalSection
	GlobalSection(SolutionProperties) = preSolution
		HideSolutionNode = FALSE
	EndGlobalSection
	GlobalSection(ExtensibilityGlobals) = postSolution
		SolutionGuid = {978B0106-497E-49CD-B211-E399B45620D8}
	EndGlobalSection
EndGlobal
