
Microsoft Visual Studio Solution File, Format Version 12.00
# Visual Studio 15
VisualStudioVersion = 15.0.28010.2026
MinimumVisualStudioVersion = 10.0.40219.1
Project("{FAE04EC0-301F-11D3-BF4B-00C04F79EFBC}") = "ex_32", "ex_32\ex_32.csproj", "{CEF0505D-D367-48B3-BA55-5FA82AF10A49}"
EndProject
Global
	GlobalSection(SolutionConfigurationPlatforms) = preSolution
		Debug|Any CPU = Debug|Any CPU
		Release|Any CPU = Release|Any CPU
	EndGlobalSection
	GlobalSection(ProjectConfigurationPlatforms) = postSolution
		{CEF0505D-D367-48B3-BA55-5FA82AF10A49}.Debug|Any CPU.ActiveCfg = Debug|Any CPU
		{CEF0505D-D367-48B3-BA55-5FA82AF10A49}.Debug|Any CPU.Build.0 = Debug|Any CPU
		{CEF0505D-D367-48B3-BA55-5FA82AF10A49}.Release|Any CPU.ActiveCfg = Release|Any CPU
		{CEF0505D-D367-48B3-BA55-5FA82AF10A49}.Release|Any CPU.Build.0 = Release|Any CPU
	EndGlobalSection
	GlobalSection(SolutionProperties) = preSolution
		HideSolutionNode = FALSE
	EndGlobalSection
	GlobalSection(ExtensibilityGlobals) = postSolution
		SolutionGuid = {B1D567FF-C26A-4E3D-AC63-72222C0B306B}
	EndGlobalSection
EndGlobal
