
Microsoft Visual Studio Solution File, Format Version 12.00
# Visual Studio 15
VisualStudioVersion = 15.0.28010.2026
MinimumVisualStudioVersion = 10.0.40219.1
Project("{FAE04EC0-301F-11D3-BF4B-00C04F79EFBC}") = "ex_27", "ex_27\ex_27.csproj", "{5718B5D0-8510-4AA1-B90D-A5E18961C82A}"
EndProject
Global
	GlobalSection(SolutionConfigurationPlatforms) = preSolution
		Debug|Any CPU = Debug|Any CPU
		Release|Any CPU = Release|Any CPU
	EndGlobalSection
	GlobalSection(ProjectConfigurationPlatforms) = postSolution
		{5718B5D0-8510-4AA1-B90D-A5E18961C82A}.Debug|Any CPU.ActiveCfg = Debug|Any CPU
		{5718B5D0-8510-4AA1-B90D-A5E18961C82A}.Debug|Any CPU.Build.0 = Debug|Any CPU
		{5718B5D0-8510-4AA1-B90D-A5E18961C82A}.Release|Any CPU.ActiveCfg = Release|Any CPU
		{5718B5D0-8510-4AA1-B90D-A5E18961C82A}.Release|Any CPU.Build.0 = Release|Any CPU
	EndGlobalSection
	GlobalSection(SolutionProperties) = preSolution
		HideSolutionNode = FALSE
	EndGlobalSection
	GlobalSection(ExtensibilityGlobals) = postSolution
		SolutionGuid = {056AF0AA-9E1A-4212-B02B-4850380814A5}
	EndGlobalSection
EndGlobal
