
Microsoft Visual Studio Solution File, Format Version 12.00
# Visual Studio 15
VisualStudioVersion = 15.0.28010.2026
MinimumVisualStudioVersion = 10.0.40219.1
Project("{FAE04EC0-301F-11D3-BF4B-00C04F79EFBC}") = "CalcEvent", "CalcEvent\CalcEvent.csproj", "{D882A9E5-E3A7-4FDA-8ED2-E7D3D440CD0D}"
EndProject
Global
	GlobalSection(SolutionConfigurationPlatforms) = preSolution
		Debug|Any CPU = Debug|Any CPU
		Release|Any CPU = Release|Any CPU
	EndGlobalSection
	GlobalSection(ProjectConfigurationPlatforms) = postSolution
		{D882A9E5-E3A7-4FDA-8ED2-E7D3D440CD0D}.Debug|Any CPU.ActiveCfg = Debug|Any CPU
		{D882A9E5-E3A7-4FDA-8ED2-E7D3D440CD0D}.Debug|Any CPU.Build.0 = Debug|Any CPU
		{D882A9E5-E3A7-4FDA-8ED2-E7D3D440CD0D}.Release|Any CPU.ActiveCfg = Release|Any CPU
		{D882A9E5-E3A7-4FDA-8ED2-E7D3D440CD0D}.Release|Any CPU.Build.0 = Release|Any CPU
	EndGlobalSection
	GlobalSection(SolutionProperties) = preSolution
		HideSolutionNode = FALSE
	EndGlobalSection
	GlobalSection(ExtensibilityGlobals) = postSolution
		SolutionGuid = {DCC59569-4D23-47C6-8440-176E2324162E}
	EndGlobalSection
EndGlobal
