
Microsoft Visual Studio Solution File, Format Version 12.00
# Visual Studio 15
VisualStudioVersion = 15.0.28010.2026
MinimumVisualStudioVersion = 10.0.40219.1
Project("{FAE04EC0-301F-11D3-BF4B-00C04F79EFBC}") = "ex_35", "ex_35\ex_35.csproj", "{60FB706B-3876-4288-975A-D9DDF43EFF40}"
EndProject
Global
	GlobalSection(SolutionConfigurationPlatforms) = preSolution
		Debug|Any CPU = Debug|Any CPU
		Release|Any CPU = Release|Any CPU
	EndGlobalSection
	GlobalSection(ProjectConfigurationPlatforms) = postSolution
		{60FB706B-3876-4288-975A-D9DDF43EFF40}.Debug|Any CPU.ActiveCfg = Debug|Any CPU
		{60FB706B-3876-4288-975A-D9DDF43EFF40}.Debug|Any CPU.Build.0 = Debug|Any CPU
		{60FB706B-3876-4288-975A-D9DDF43EFF40}.Release|Any CPU.ActiveCfg = Release|Any CPU
		{60FB706B-3876-4288-975A-D9DDF43EFF40}.Release|Any CPU.Build.0 = Release|Any CPU
	EndGlobalSection
	GlobalSection(SolutionProperties) = preSolution
		HideSolutionNode = FALSE
	EndGlobalSection
	GlobalSection(ExtensibilityGlobals) = postSolution
		SolutionGuid = {FAB67586-87B2-466D-88C0-F94B0986C8AC}
	EndGlobalSection
EndGlobal
